
Microsoft Visual Studio Solution File, Format Version 12.00
# Visual Studio Version 17
VisualStudioVersion = 17.14.36915.13 d17.14
MinimumVisualStudioVersion = 10.0.40219.1
Project("{FAE04EC0-301F-11D3-BF4B-00C04F79EFBC}") = "ConsoleApp7", "ConsoleApp7\ConsoleApp7.csproj", "{0A585258-6327-4FF4-8AE8-AD18285FC330}"
EndProject
Global
	GlobalSection(SolutionConfigurationPlatforms) = preSolution
		Debug|Any CPU = Debug|Any CPU
		Release|Any CPU = Release|Any CPU
	EndGlobalSection
	GlobalSection(ProjectConfigurationPlatforms) = postSolution
		{0A585258-6327-4FF4-8AE8-AD18285FC330}.Debug|Any CPU.ActiveCfg = Debug|Any CPU
		{0A585258-6327-4FF4-8AE8-AD18285FC330}.Debug|Any CPU.Build.0 = Debug|Any CPU
		{0A585258-6327-4FF4-8AE8-AD18285FC330}.Release|Any CPU.ActiveCfg = Release|Any CPU
		{0A585258-6327-4FF4-8AE8-AD18285FC330}.Release|Any CPU.Build.0 = Release|Any CPU
	EndGlobalSection
	GlobalSection(SolutionProperties) = preSolution
		HideSolutionNode = FALSE
	EndGlobalSection
	GlobalSection(ExtensibilityGlobals) = postSolution
		SolutionGuid = {A01DFC60-CF5B-486D-98C8-87751F218B1F}
	EndGlobalSection
EndGlobal
